
Microsoft Visual Studio Solution File, Format Version 12.00
# Visual Studio Version 17
VisualStudioVersion = 17.9.34728.123
MinimumVisualStudioVersion = 10.0.40219.1
Project("{9A19103F-16F7-4668-BE54-9A1E7A4F7556}") = "MSB_Employee_Profiler", "MSB_Employee_Profiler\MSB_Employee_Profiler.csproj", "{70124A23-6D69-432F-8386-4E25ABA4DBBA}"
EndProject
Project("{9A19103F-16F7-4668-BE54-9A1E7A4F7556}") = "MsbPayCalculator", "MsbPayCalculator\MsbPayCalculator.csproj", "{1C38D519-FC0F-49BD-B4F4-992A39599AD5}"
EndProject
Project("{9A19103F-16F7-4668-BE54-9A1E7A4F7556}") = "MsbSlipManager", "MsbSlipManager\MsbSlipManager.csproj", "{F7C3E561-F653-4B0F-A9D3-FA90C40B5CCA}"
EndProject
Project("{9A19103F-16F7-4668-BE54-9A1E7A4F7556}") = "MsbSlipManagerWinForm", "MsbSlipManagerWinForm\MsbSlipManagerWinForm.csproj", "{7C13499A-DFC3-46DB-B606-044432BA2AE0}"
EndProject
Project("{FAE04EC0-301F-11D3-BF4B-00C04F79EFBC}") = "MoreSecurityHR", "MoreSecurityHR\MoreSecurityHR.csproj", "{BDDB192A-1C01-49D6-AFE0-706B09EE6450}"
EndProject
Global
	GlobalSection(SolutionConfigurationPlatforms) = preSolution
		Debug|Any CPU = Debug|Any CPU
		Release|Any CPU = Release|Any CPU
	EndGlobalSection
	GlobalSection(ProjectConfigurationPlatforms) = postSolution
		{70124A23-6D69-432F-8386-4E25ABA4DBBA}.Debug|Any CPU.ActiveCfg = Debug|Any CPU
		{70124A23-6D69-432F-8386-4E25ABA4DBBA}.Debug|Any CPU.Build.0 = Debug|Any CPU
		{70124A23-6D69-432F-8386-4E25ABA4DBBA}.Release|Any CPU.ActiveCfg = Release|Any CPU
		{70124A23-6D69-432F-8386-4E25ABA4DBBA}.Release|Any CPU.Build.0 = Release|Any CPU
		{1C38D519-FC0F-49BD-B4F4-992A39599AD5}.Debug|Any CPU.ActiveCfg = Debug|Any CPU
		{1C38D519-FC0F-49BD-B4F4-992A39599AD5}.Debug|Any CPU.Build.0 = Debug|Any CPU
		{1C38D519-FC0F-49BD-B4F4-992A39599AD5}.Release|Any CPU.ActiveCfg = Release|Any CPU
		{1C38D519-FC0F-49BD-B4F4-992A39599AD5}.Release|Any CPU.Build.0 = Release|Any CPU
		{F7C3E561-F653-4B0F-A9D3-FA90C40B5CCA}.Debug|Any CPU.ActiveCfg = Debug|Any CPU
		{F7C3E561-F653-4B0F-A9D3-FA90C40B5CCA}.Debug|Any CPU.Build.0 = Debug|Any CPU
		{F7C3E561-F653-4B0F-A9D3-FA90C40B5CCA}.Release|Any CPU.ActiveCfg = Release|Any CPU
		{F7C3E561-F653-4B0F-A9D3-FA90C40B5CCA}.Release|Any CPU.Build.0 = Release|Any CPU
		{7C13499A-DFC3-46DB-B606-044432BA2AE0}.Debug|Any CPU.ActiveCfg = Debug|Any CPU
		{7C13499A-DFC3-46DB-B606-044432BA2AE0}.Debug|Any CPU.Build.0 = Debug|Any CPU
		{7C13499A-DFC3-46DB-B606-044432BA2AE0}.Release|Any CPU.ActiveCfg = Release|Any CPU
		{7C13499A-DFC3-46DB-B606-044432BA2AE0}.Release|Any CPU.Build.0 = Release|Any CPU
		{BDDB192A-1C01-49D6-AFE0-706B09EE6450}.Debug|Any CPU.ActiveCfg = Debug|Any CPU
		{BDDB192A-1C01-49D6-AFE0-706B09EE6450}.Debug|Any CPU.Build.0 = Debug|Any CPU
		{BDDB192A-1C01-49D6-AFE0-706B09EE6450}.Release|Any CPU.ActiveCfg = Release|Any CPU
		{BDDB192A-1C01-49D6-AFE0-706B09EE6450}.Release|Any CPU.Build.0 = Release|Any CPU
	EndGlobalSection
	GlobalSection(SolutionProperties) = preSolution
		HideSolutionNode = FALSE
	EndGlobalSection
	GlobalSection(ExtensibilityGlobals) = postSolution
		SolutionGuid = {1EB13A78-340B-4D54-9E52-04196AF49B28}
	EndGlobalSection
EndGlobal
